Microsoft Visual Studio Solution File, Format Version 12.00
# Visual Studio Version 17
VisualStudioVersion = 17.9.34723.18
MinimumVisualStudioVersion = 10.0.40219.1
Project("{FAE04EC0-301F-11D3-BF4B-00C04F79EFBC}") = "AppDirectoryModule", "AppDirectory\AppDirectoryModule.csproj", "{1CF667C5-036E-4315-BF31-5407A403507D}"
EndProject
Global
	GlobalSection(SolutionConfigurationPlatforms) = preSolution
		Debug|Any CPU = Debug|Any CPU
		Release|Any CPU = Release|Any CPU
	EndGlobalSection
	GlobalSection(ProjectConfigurationPlatforms) = postSolution
		{1CF667C5-036E-4315-BF31-5407A403507D}.Debug|Any CPU.ActiveCfg = Debug|Any CPU
		{1CF667C5-036E-4315-BF31-5407A403507D}.Debug|Any CPU.Build.0 = Debug|Any CPU
		{1CF667C5-036E-4315-BF31-5407A403507D}.Release|Any CPU.ActiveCfg = Release|Any CPU
		{1CF667C5-036E-4315-BF31-5407A403507D}.Release|Any CPU.Build.0 = Release|Any CPU
	EndGlobalSection
	GlobalSection(SolutionProperties) = preSolution
		HideSolutionNode = FALSE
	EndGlobalSection
	GlobalSection(ExtensibilityGlobals) = postSolution
		SolutionGuid = {D55B945F-61C1-4972-97F2-E3017A4279F2}
	EndGlobalSection
EndGlobal
